
Microsoft Visual Studio Solution File, Format Version 12.00
# Visual Studio 14
VisualStudioVersion = 14.0.25420.1
MinimumVisualStudioVersion = 10.0.40219.1
Project("{FAE04EC0-301F-11D3-BF4B-00C04F79EFBC}") = "NganXep", "NganXep\NganXep.csproj", "{DFCF5CFB-F06A-47ED-AC74-E4F4633F1B1C}"
EndProject
Project("{FAE04EC0-301F-11D3-BF4B-00C04F79EFBC}") = "Bai2", "Bai2\Bai2.csproj", "{D47DF792-5410-4107-99A4-D7CEC0B70C39}"
EndProject
Project("{FAE04EC0-301F-11D3-BF4B-00C04F79EFBC}") = "Bai3", "Bai3\Bai3.csproj", "{EECB3B5A-7707-4734-AEC4-0980750C58AA}"
EndProject
Global
	GlobalSection(SolutionConfigurationPlatforms) = preSolution
		Debug|Any CPU = Debug|Any CPU
		Release|Any CPU = Release|Any CPU
	EndGlobalSection
	GlobalSection(ProjectConfigurationPlatforms) = postSolution
		{DFCF5CFB-F06A-47ED-AC74-E4F4633F1B1C}.Debug|Any CPU.ActiveCfg = Debug|Any CPU
		{DFCF5CFB-F06A-47ED-AC74-E4F4633F1B1C}.Debug|Any CPU.Build.0 = Debug|Any CPU
		{DFCF5CFB-F06A-47ED-AC74-E4F4633F1B1C}.Release|Any CPU.ActiveCfg = Release|Any CPU
		{DFCF5CFB-F06A-47ED-AC74-E4F4633F1B1C}.Release|Any CPU.Build.0 = Release|Any CPU
		{D47DF792-5410-4107-99A4-D7CEC0B70C39}.Debug|Any CPU.ActiveCfg = Debug|Any CPU
		{D47DF792-5410-4107-99A4-D7CEC0B70C39}.Debug|Any CPU.Build.0 = Debug|Any CPU
		{D47DF792-5410-4107-99A4-D7CEC0B70C39}.Release|Any CPU.ActiveCfg = Release|Any CPU
		{D47DF792-5410-4107-99A4-D7CEC0B70C39}.Release|Any CPU.Build.0 = Release|Any CPU
		{EECB3B5A-7707-4734-AEC4-0980750C58AA}.Debug|Any CPU.ActiveCfg = Debug|Any CPU
		{EECB3B5A-7707-4734-AEC4-0980750C58AA}.Debug|Any CPU.Build.0 = Debug|Any CPU
		{EECB3B5A-7707-4734-AEC4-0980750C58AA}.Release|Any CPU.ActiveCfg = Release|Any CPU
		{EECB3B5A-7707-4734-AEC4-0980750C58AA}.Release|Any CPU.Build.0 = Release|Any CPU
	EndGlobalSection
	GlobalSection(SolutionProperties) = preSolution
		HideSolutionNode = FALSE
	EndGlobalSection
EndGlobal
